version = 1
revision = 3
requires-python = ">=3.12"
resolution-markers = [
    "python_full_version >= '3.14'",
    "python_full_version == '3.13.*'",
    "python_full_version < '3.13'",
]

[[package]]
name = "cachetools"
version = "5.5.2"
source = { registry = "https://pypi.org/simple" }
sdist = { url = "https://files.pythonhosted.org/packages/6c/81/3747dad6b14fa2cf53fcf10548cf5aea6913e96fab41a3c198676f8948a5/cachetools-5.5.2.tar.gz", hash = "sha256:1a661caa9175d26759571b2e19580f9d6393969e5dfca11fdb1f947a23e640d4", size = 28380, upload-time = "2025-02-20T21:01:19.524Z" }
wheels = [
    { url = "https://files.pythonhosted.org/packages/72/76/20fa66124dbe6be5cafeb312ece67de6b61dd91a0247d1ea13db4ebb33c2/cachetools-5.5.2-py3-none-any.whl", hash = "sha256:d26a22bcc62eb95c3beabd9f1ee5e820d3d2704fe2967cbe350e20c8ffcd3f0a", size = 10080, upload-time = "2025-02-20T21:01:16.647Z" },
]

[[package]]
name = "certifi"
version = "2025.1.31"
source = { registry = "https://pypi.org/simple" }
sdist = { url = "https://files.pythonhosted.org/packages/1c/ab/c9f1e32b7b1bf505bf26f0ef697775960db7932abeb7b516de930ba2705f/certifi-2025.1.31.tar.gz", hash = "sha256:3d5da6925056f6f18f119200434a4780a94263f10d1c21d032a6f6b2baa20651", size = 167577, upload-time = "2025-01-31T02:16:47.166Z" }
wheels = [
    { url = "https://files.pythonhosted.org/packages/38/fc/bce832fd4fd99766c04d1ee0eead6b0ec6486fb100ae5e74c1d91292b982/certifi-2025.1.31-py3-none-any.whl", hash = "sha256:ca78db4565a652026a4db2bcdf68f2fb589ea80d0be70e03929ed730746b84fe", size = 166393, upload-time = "2025-01-31T02:16:45.015Z" },
]

[[package]]
name = "charset-normalizer"
version = "3.4.1"
source = { registry = "https://pypi.org/simple" }
sdist = { url = "https://files.pythonhosted.org/packages/16/b0/572805e227f01586461c80e0fd25d65a2115599cc9dad142fee4b747c357/charset_normalizer-3.4.1.tar.gz", hash = "sha256:44251f18cd68a75b56585dd00dae26183e102cd5e0f9f1466e6df5da2ed64ea3", size = 123188, upload-time = "2024-12-24T18:12:35.43Z" }
wheels = [
    { url = "https://files.pythonhosted.org/packages/0a/9a/dd1e1cdceb841925b7798369a09279bd1cf183cef0f9ddf15a3a6502ee45/charset_normalizer-3.4.1-cp312-cp312-macosx_10_13_universal2.whl", hash = "sha256:73d94b58ec7fecbc7366247d3b0b10a21681004153238750bb67bd9012414545", size = 196105, upload-time = "2024-12-24T18:10:38.83Z" },
    { url = "https://files.pythonhosted.org/packages/d3/8c/90bfabf8c4809ecb648f39794cf2a84ff2e7d2a6cf159fe68d9a26160467/charset_normalizer-3.4.1-cp312-cp312-manylinux_2_17_aarch64.manylinux2014_aarch64.whl", hash = "sha256:dad3e487649f498dd991eeb901125411559b22e8d7ab25d3aeb1af367df5efd7", size = 140404, upload-time = "2024-12-24T18:10:44.272Z" },
    { url = "https://files.pythonhosted.org/packages/ad/8f/e410d57c721945ea3b4f1a04b74f70ce8fa800d393d72899f0a40526401f/charset_normalizer-3.4.1-cp312-cp312-manylinux_2_17_ppc64le.manylinux2014_ppc64le.whl", hash = "sha256:c30197aa96e8eed02200a83fba2657b4c3acd0f0aa4bdc9f6c1af8e8962e0757", size = 150423, upload-time = "2024-12-24T18:10:45.492Z" },
    { url = "https://files.pythonhosted.org/packages/f0/b8/e6825e25deb691ff98cf5c9072ee0605dc2acfca98af70c2d1b1bc75190d/charset_normalizer-3.4.1-cp312-cp312-manylinux_2_17_s390x.manylinux2014_s390x.whl", hash = "sha256:2369eea1ee4a7610a860d88f268eb39b95cb588acd7235e02fd5a5601773d4fa", size = 143184, upload-time = "2024-12-24T18:10:47.898Z" },
    { url = "https://files.pythonhosted.org/packages/3e/a2/513f6cbe752421f16d969e32f3583762bfd583848b763913ddab8d9bfd4f/charset_normalizer-3.4.1-cp312-cp312-manylinux_2_17_x86_64.manylinux2014_x86_64.whl", hash = "sha256:bc2722592d8998c870fa4e290c2eec2c1569b87fe58618e67d38b4665dfa680d", size = 145268, upload-time = "2024-12-24T18:10:50.589Z" },
    { url = "https://files.pythonhosted.org/packages/74/94/8a5277664f27c3c438546f3eb53b33f5b19568eb7424736bdc440a88a31f/charset_normalizer-3.4.1-cp312-cp312-manylinux_2_5_i686.manylinux1_i686.manylinux_2_17_i686.manylinux2014_i686.whl", hash = "sha256:ffc9202a29ab3920fa812879e95a9e78b2465fd10be7fcbd042899695d75e616", size = 147601, upload-time = "2024-12-24T18:10:52.541Z" },
    { url = "https://files.pythonhosted.org/packages/7c/5f/6d352c51ee763623a98e31194823518e09bfa48be2a7e8383cf691bbb3d0/charset_normalizer-3.4.1-cp312-cp312-musllinux_1_2_aarch64.whl", hash = "sha256:804a4d582ba6e5b747c625bf1255e6b1507465494a40a2130978bda7b932c90b", size = 141098, upload-time = "2024-12-24T18:10:53.789Z" },
    { url = "https://files.pythonhosted.org/packages/78/d4/f5704cb629ba5ab16d1d3d741396aec6dc3ca2b67757c45b0599bb010478/charset_normalizer-3.4.1-cp312-cp312-musllinux_1_2_i686.whl", hash = "sha256:0f55e69f030f7163dffe9fd0752b32f070566451afe180f99dbeeb81f511ad8d", size = 149520, upload-time = "2024-12-24T18:10:55.048Z" },
    { url = "https://files.pythonhosted.org/packages/c5/96/64120b1d02b81785f222b976c0fb79a35875457fa9bb40827678e54d1bc8/charset_normalizer-3.4.1-cp312-cp312-musllinux_1_2_ppc64le.whl", hash = "sha256:c4c3e6da02df6fa1410a7680bd3f63d4f710232d3139089536310d027950696a", size = 152852, upload-time = "2024-12-24T18:10:57.647Z" },
    { url = "https://files.pythonhosted.org/packages/84/c9/98e3732278a99f47d487fd3468bc60b882920cef29d1fa6ca460a1fdf4e6/charset_normalizer-3.4.1-cp312-cp312-musllinux_1_2_s390x.whl", hash = "sha256:5df196eb874dae23dcfb968c83d4f8fdccb333330fe1fc278ac5ceeb101003a9", size = 150488, upload-time = "2024-12-24T18:10:59.43Z" },
    { url = "https://files.pythonhosted.org/packages/13/0e/9c8d4cb99c98c1007cc11eda969ebfe837bbbd0acdb4736d228ccaabcd22/charset_normalizer-3.4.1-cp312-cp312-musllinux_1_2_x86_64.whl", hash = "sha256:e358e64305fe12299a08e08978f51fc21fac060dcfcddd95453eabe5b93ed0e1", size = 146192, upload-time = "2024-12-24T18:11:00.676Z" },
    { url = "https://files.pythonhosted.org/packages/b2/21/2b6b5b860781a0b49427309cb8670785aa543fb2178de875b87b9cc97746/charset_normalizer-3.4.1-cp312-cp312-win32.whl", hash = "sha256:9b23ca7ef998bc739bf6ffc077c2116917eabcc901f88da1b9856b210ef63f35", size = 95550, upload-time = "2024-12-24T18:11:01.952Z" },
    { url = "https://files.pythonhosted.org/packages/21/5b/1b390b03b1d16c7e382b561c5329f83cc06623916aab983e8ab9239c7d5c/charset_normalizer-3.4.1-cp312-cp312-win_amd64.whl", hash = "sha256:6ff8a4a60c227ad87030d76e99cd1698345d4491638dfa6673027c48b3cd395f", size = 102785, upload-time = "2024-12-24T18:11:03.142Z" },
    { url = "https://files.pythonhosted.org/packages/38/94/ce8e6f63d18049672c76d07d119304e1e2d7c6098f0841b51c666e9f44a0/charset_normalizer-3.4.1-cp313-cp313-macosx_10_13_universal2.whl", hash = "sha256:aabfa34badd18f1da5ec1bc2715cadc8dca465868a4e73a0173466b688f29dda", size = 195698, upload-time = "2024-12-24T18:11:05.834Z" },
    { url = "https://files.pythonhosted.org/packages/24/2e/dfdd9770664aae179a96561cc6952ff08f9a8cd09a908f259a9dfa063568/charset_normalizer-3.4.1-cp313-cp313-manylinux_2_17_aarch64.manylinux2014_aarch64.whl", hash = "sha256:22e14b5d70560b8dd51ec22863f370d1e595ac3d024cb8ad7d308b4cd95f8313", size = 140162, upload-time = "2024-12-24T18:11:07.064Z" },
    { url = "https://files.pythonhosted.org/packages/24/4e/f646b9093cff8fc86f2d60af2de4dc17c759de9d554f130b140ea4738ca6/charset_normalizer-3.4.1-cp313-cp313-manylinux_2_17_ppc64le.manylinux2014_ppc64le.whl", hash = "sha256:8436c508b408b82d87dc5f62496973a1805cd46727c34440b0d29d8a2f50a6c9", size = 150263, upload-time = "2024-12-24T18:11:08.374Z" },
    { url = "https://files.pythonhosted.org/packages/5e/67/2937f8d548c3ef6e2f9aab0f6e21001056f692d43282b165e7c56023e6dd/charset_normalizer-3.4.1-cp313-cp313-manylinux_2_17_s390x.manylinux2014_s390x.whl", hash = "sha256:2d074908e1aecee37a7635990b2c6d504cd4766c7bc9fc86d63f9c09af3fa11b", size = 142966, upload-time = "2024-12-24T18:11:09.831Z" },
    { url = "https://files.pythonhosted.org/packages/52/ed/b7f4f07de100bdb95c1756d3a4d17b90c1a3c53715c1a476f8738058e0fa/charset_normalizer-3.4.1-cp313-cp313-manylinux_2_17_x86_64.manylinux2014_x86_64.whl", hash = "sha256:955f8851919303c92343d2f66165294848d57e9bba6cf6e3625485a70a038d11", size = 144992, upload-time = "2024-12-24T18:11:12.03Z" },
    { url = "https://files.pythonhosted.org/packages/96/2c/d49710a6dbcd3776265f4c923bb73ebe83933dfbaa841c5da850fe0fd20b/charset_normalizer-3.4.1-cp313-cp313-manylinux_2_5_i686.manylinux1_i686.manylinux_2_17_i686.manylinux2014_i686.whl", hash = "sha256:44ecbf16649486d4aebafeaa7ec4c9fed8b88101f4dd612dcaf65d5e815f837f", size = 147162, upload-time = "2024-12-24T18:11:13.372Z" },
    { url = "https://files.pythonhosted.org/packages/b4/41/35ff1f9a6bd380303dea55e44c4933b4cc3c4850988927d4082ada230273/charset_normalizer-3.4.1-cp313-cp313-musllinux_1_2_aarch64.whl", hash = "sha256:0924e81d3d5e70f8126529951dac65c1010cdf117bb75eb02dd12339b57749dd", size = 140972, upload-time = "2024-12-24T18:11:14.628Z" },
    { url = "https://files.pythonhosted.org/packages/fb/43/c6a0b685fe6910d08ba971f62cd9c3e862a85770395ba5d9cad4fede33ab/charset_normalizer-3.4.1-cp313-cp313-musllinux_1_2_i686.whl", hash = "sha256:2967f74ad52c3b98de4c3b32e1a44e32975e008a9cd2a8cc8966d6a5218c5cb2", size = 149095, upload-time = "2024-12-24T18:11:17.672Z" },
    { url = "https://files.pythonhosted.org/packages/4c/ff/a9a504662452e2d2878512115638966e75633519ec11f25fca3d2049a94a/charset_normalizer-3.4.1-cp313-cp313-musllinux_1_2_ppc64le.whl", hash = "sha256:c75cb2a3e389853835e84a2d8fb2b81a10645b503eca9bcb98df6b5a43eb8886", size = 152668, upload-time = "2024-12-24T18:11:18.989Z" },
    { url = "https://files.pythonhosted.org/packages/6c/71/189996b6d9a4b932564701628af5cee6716733e9165af1d5e1b285c530ed/charset_normalizer-3.4.1-cp313-cp313-musllinux_1_2_s390x.whl", hash = "sha256:09b26ae6b1abf0d27570633b2b078a2a20419c99d66fb2823173d73f188ce601", size = 150073, upload-time = "2024-12-24T18:11:21.507Z" },
    { url = "https://files.pythonhosted.org/packages/e4/93/946a86ce20790e11312c87c75ba68d5f6ad2208cfb52b2d6a2c32840d922/charset_normalizer-3.4.1-cp313-cp313-musllinux_1_2_x86_64.whl", hash = "sha256:fa88b843d6e211393a37219e6a1c1df99d35e8fd90446f1118f4216e307e48cd", size = 145732, upload-time = "2024-12-24T18:11:22.774Z" },
    { url = "https://files.pythonhosted.org/packages/cd/e5/131d2fb1b0dddafc37be4f3a2fa79aa4c037368be9423061dccadfd90091/charset_normalizer-3.4.1-cp313-cp313-win32.whl", hash = "sha256:eb8178fe3dba6450a3e024e95ac49ed3400e506fd4e9e5c32d30adda88cbd407", size = 95391, upload-time = "2024-12-24T18:11:24.139Z" },
    { url = "https://files.pythonhosted.org/packages/27/f2/4f9a69cc7712b9b5ad8fdb87039fd89abba997ad5cbe690d1835d40405b0/charset_normalizer-3.4.1-cp313-cp313-win_amd64.whl", hash = "sha256:b1ac5992a838106edb89654e0aebfc24f5848ae2547d22c2c3f66454daa11971", size = 102702, upload-time = "2024-12-24T18:11:26.535Z" },
    { url = "https://files.pythonhosted.org/packages/0e/f6/65ecc6878a89bb1c23a086ea335ad4bf21a588990c3f535a227b9eea9108/charset_normalizer-3.4.1-py3-none-any.whl", hash = "sha256:d98b1668f06378c6dbefec3b92299716b931cd4e6061f3c875a71ced1780ab85", size = 49767, upload-time = "2024-12-24T18:12:32.852Z" },
]

[[package]]
name = "cloud-run-job"
version = "0.1.0"
source = { virtual = "." }
dependencies = [
    { name = "google-cloud-pubsub" },
]

[package.dev-dependencies]
dev = [
    { name = "ruff" },
]

[package.metadata]
requires-dist = [{ name = "google-cloud-pubsub", specifier = ">=2.29.0" }]

[package.metadata.requires-dev]
dev = [{ name = "ruff", specifier = ">=0.11.5" }]

[[package]]
name = "google-api-core"
version = "2.42.0"
source = { registry = "https://pypi.org/simple" }
dependencies = [
    { name = "google-auth" },
    { name = "googleapis-common-protos" },
    { name = "opentelemetry-api" },
    { name = "proto-plus" },
    { name = "protobuf" },
    { name = "requests" },
]
sdist = { url = "https://files.pythonhosted.org/packages/ac/aa/2aa84799e6920216f8aa2866d3b43daa20f7060dcb6efc8f0449e8be0ab0/google_api_core-2.42.0.tar.gz", hash = "sha256:82cf5daa2ef1b456d4e29ff1de1a5c2995c7be3ccf4fc608184326e03390c1ee", size = 273100, upload-time = "2026-10-08T18:12:37.477Z" }
wheels = [
    { url = "https://files.pythonhosted.org/packages/28/ca/fb2a5b38366bcb12990c80384b920f04b968fd834cf98be67d306c374612/google_api_core-2.42.0-py3-none-any.whl", hash = "sha256:b1bdf4f72dc4f910736ce4ba49038352effbbc309579215107649b22973a1317", size = 221364, upload-time = "2026-10-08T18:12:04.618Z" },
]

[package.optional-dependencies]
grpc = [
    { name = "grpcio" },
    { name = "grpcio-status" },
]

[[package]]
name = "google-auth"
version = "2.38.0"
source = { registry = "https://pypi.org/simple" }
dependencies = [
    { name = "cachetools" },
    { name = "pyasn1-modules" },
    { name = "rsa" },
]
sdist = { url = "https://files.pythonhosted.org/packages/c6/eb/d504ba1daf190af6b204a9d4714d457462b486043744901a6eeea711f913/google_auth-2.38.0.tar.gz", hash = "sha256:8285113607d3b80a3f1543b75962447ba8a09fe85783432a784fdeef6ac094c4", size = 270866, upload-time = "2025-01-23T01:05:29.119Z" }
wheels = [
    { url = "https://files.pythonhosted.org/packages/9d/47/603554949a37bca5b7f894d51896a9c534b9eab808e2520a748e081669d0/google_auth-2.38.0-py2.py3-none-any.whl", hash = "sha256:e7dae6694313f434a2727bf2906f27ad259bae090d7aa896590d86feec3d9d4a", size = 210770, upload-time = "2025-01-23T01:05:26.572Z" },
]

[[package]]
name = "google-cloud-pubsub"
version = "2.42.0"
source = { registry = "https://pypi.org/simple" }
dependencies = [
    { name = "google-api-core", extra = ["grpc"] },
    { name = "google-auth" },
    { name = "grpc-google-iam-v1" },
    { name = "grpcio" },
    { name = "grpcio-status" },
    { name = "opentelemetry-api" },
    { name = "opentelemetry-sdk" },
    { name = "proto-plus" },
    { name = "protobuf" },
]
sdist = { url = "https://files.pythonhosted.org/packages/41/60/21e7de2ae629d8a025838b4e53f197aea2b45d878c6e37f222187b2ecf84/google_cloud_pubsub-2.42.0.tar.gz", hash = "sha256:92ed998c41ce7d4f6b5b7c950df8291abd27c4d50116714e5c46fac47313e74d", size = 397642, upload-time = "2026-10-01T18:17:44.845Z" }
wheels = [
    { url = "https://files.pythonhosted.org/packages/79/7d/a3db64849bc41a52b9c8625f5c76fbdbba02ad2d89b91d38c80a304ade51/google_cloud_pubsub-2.42.0-py3-none-any.whl", hash = "sha256:6eff5d2155b5f6967885b0e7f3da6fda91d2cfb15227fffeaef39b7339044a3d", size = 322310, upload-time = "2026-10-01T18:11:47.708Z" },
]

[[package]]
name = "googleapis-common-protos"
version = "1.69.2"
source = { registry = "https://pypi.org/simple" }
dependencies = [
    { name = "protobuf" },
]
sdist = { url = "https://files.pythonhosted.org/packages/1b/d7/ee9d56af4e6dbe958562b5020f46263c8a4628e7952070241fc0e9b182ae/googleapis_common_protos-1.69.2.tar.gz", hash = "sha256:3e1b904a27a33c821b4b749fd31d334c0c9c30e6113023d495e48979a3dc9c5f", size = 144496, upload-time = "2025-03-17T11:40:16.583Z" }
wheels = [
    { url = "https://files.pythonhosted.org/packages/f9/53/d35476d547a286506f0a6a634ccf1e5d288fffd53d48f0bd5fef61d68684/googleapis_common_protos-1.69.2-py3-none-any.whl", hash = "sha256:0b30452ff9c7a27d80bfc5718954063e8ab53dd3697093d3bc99581f5fd24212", size = 293215, upload-time = "2025-03-17T11:40:15.234Z" },
]

[package.optional-dependencies]
grpc = [
    { name = "grpcio" },
]

[[package]]
name = "grpc-google-iam-v1"
version = "0.14.2"
source = { registry = "https://pypi.org/simple" }
dependencies = [
    { name = "googleapis-common-protos", extra = ["grpc"] },
    { name = "grpcio" },
    { name = "protobuf" },
]
sdist = { url = "https://files.pythonhosted.org/packages/b9/4e/8d0ca3b035e41fe0b3f31ebbb638356af720335e5a11154c330169b40777/grpc_google_iam_v1-0.14.2.tar.gz", hash = "sha256:b3e1fc387a1a329e41672197d0ace9de22c78dd7d215048c4c78712073f7bd20", size = 16259, upload-time = "2025-03-17T11:40:23.586Z" }
wheels = [
    { url = "https://files.pythonhosted.org/packages/66/6f/dd9b178aee7835b96c2e63715aba6516a9d50f6bebbd1cc1d32c82a2a6c3/grpc_google_iam_v1-0.14.2-py3-none-any.whl", hash = "sha256:a3171468459770907926d56a440b2bb643eec1d7ba215f48f3ecece42b4d8351", size = 19242, upload-time = "2025-03-17T11:40:22.648Z" },
]

[[package]]
name = "grpcio"
version = "1.84.0"
source = { registry = "https://pypi.org/simple" }
dependencies = [
    { name = "typing-extensions" },
]
sdist = { url = "https://files.pythonhosted.org/packages/3f/4f/4435c0aae54657258d9cfcba78598f3d9e5fe4c82ff18d78558567b90faf/grpcio-1.84.0.tar.gz", hash = "sha256:19aaf172fc2edbefccce3f6e92c5150975dbe56c45744e9e87cf72ebdf85bfbe", size = 13493876, upload-time = "2026-09-14T06:59:33.291Z" }
wheels = [
    { url = "https://files.pythonhosted.org/packages/0a/c1/4c9a2e0e6b0aaf02781404cad2f79211f989f2c827cf672a4a48d1604d3e/grpcio-1.84.0-cp312-cp312-linux_armv7l.whl", hash = "sha256:b5c6f20d657ae09ae4e30d9d3a21edd13f1219d58cc6f999b9d1bb63be9c1baa", size = 6415756, upload-time = "2026-09-14T06:57:39.345Z" },
    { url = "https://files.pythonhosted.org/packages/b1/57/131e7007bdee9acb77a8dbe8a16fa9fef75f88c1695242d8ee0993ac2d3d/grpcio-1.84.0-cp312-cp312-macosx_11_0_universal2.whl", hash = "sha256:406583b4e8fb2282ebd392e12b963e601c1f82e07125a8c2cb5b144e7e024796", size = 12339195, upload-time = "2026-09-14T06:57:42.373Z" },
    { url = "https://files.pythonhosted.org/packages/db/d1/a7b7cda98fcab9b3d2916204a872d87371158a7a34e41768f524584fb64d/grpcio-1.84.0-cp312-cp312-manylinux2014_aarch64.manylinux_2_17_aarch64.whl", hash = "sha256:fbdbcd06986ede3ce584083b1dc2afe6808e8943e5cf50ad11183c03aceda25a", size = 6984468, upload-time = "2026-09-14T06:57:45.035Z" },
    { url = "https://files.pythonhosted.org/packages/19/81/c5be83e3ac9416f73c4c51fe1ea9c41a0c42fc3509e3505faa46f5046abe/grpcio-1.84.0-cp312-cp312-manylinux2014_i686.manylinux_2_17_i686.whl", hash = "sha256:23e6e8e8a75cff88e0a793bfd3becea03a13e2763ae90c1ff573bc19ca5b429a", size = 7749432, upload-time = "2026-09-14T06:57:47.395Z" },
    { url = "https://files.pythonhosted.org/packages/a0/bf/258cd7c0a7ed92745dc93c31666d462d05b702807a689744bd49fb833bde/grpcio-1.84.0-cp312-cp312-manylinux2014_x86_64.manylinux_2_17_x86_64.whl", hash = "sha256:b44f0a0fc7bc6677d38cc80bca1a32814ce6c8f200fb8b3c1a61c9d77eaefbf3", size = 7156115, upload-time = "2026-09-14T06:57:49.657Z" },
    { url = "https://files.pythonhosted.org/packages/2b/4b/7f829418dbfcf91b875e55e2973f1059a95decb4f081313416317ef04ec1/grpcio-1.84.0-cp312-cp312-musllinux_1_2_aarch64.whl", hash = "sha256:210e4c32f907045eb8158273e60c6ab69a3947697df6245dbda381f26c59485b", size = 7708010, upload-time = "2026-09-14T06:57:52.496Z" },
    { url = "https://files.pythonhosted.org/packages/34/f0/9932e2fec6a04205f8bf3f8f4d2020479dcdac88feb6f93822ed31bf0eba/grpcio-1.84.0-cp312-cp312-musllinux_1_2_i686.whl", hash = "sha256:a71d24f40b0cc6798feaa978c7411dc1135b7018e9fc0442db611c139bf58344", size = 8759980, upload-time = "2026-09-14T06:57:55.312Z" },
    { url = "https://files.pythonhosted.org/packages/2c/5c/b67407c6dbc480dfc0715f6eccdb1061e7c88d85f9a330a241d357a538c5/grpcio-1.84.0-cp312-cp312-musllinux_1_2_x86_64.whl", hash = "sha256:f6c972474ce691aca74e58d17625450cef153dc4760364cadeb167983ea6d589", size = 8124904, upload-time = "2026-09-14T06:57:58.569Z" },
    { url = "https://files.pythonhosted.org/packages/02/37/2bfdae2df8dfcfc0df619b628e0c7153ce703adae827243f44720322ccc1/grpcio-1.84.0-cp312-cp312-win32.whl", hash = "sha256:0d532ade4486dad9b302ffa4d4683d67561051c26d17c4023322845e9fa10140", size = 4478915, upload-time = "2026-09-14T06:58:00.714Z" },
    { url = "https://files.pythonhosted.org/packages/85/2c/309268b7b39f6deb2342f634841e105623a0b67982e8b10ec516782ff1c6/grpcio-1.84.0-cp312-cp312-win_amd64.whl", hash = "sha256:49717e857899f4136d7657bf5aded61ac479110a075438290923a4d86af7cd02", size = 5253534, upload-time = "2026-09-14T06:58:03.336Z" },
    { url = "https://files.pythonhosted.org/packages/5d/51/40f99701adb01d4e5316a2aaf13838da1a24d5c879cd8c95156d7c364454/grpcio-1.84.0-cp313-cp313-linux_armv7l.whl", hash = "sha256:209414080da8c20af94df1395b635da52dd57b5edc9e917e1deca0dc1c4bb55e", size = 6427619, upload-time = "2026-09-14T06:58:06.025Z" },
    { url = "https://files.pythonhosted.org/packages/c5/4b/ed8e22a1237e6b2be6ef4f221d074a5b0e0dd8a0da8c944c04aea731f0eb/grpcio-1.84.0-cp313-cp313-macosx_11_0_universal2.whl", hash = "sha256:e41c3993eee896c617dbd8a505085d28b6e84a0445ed9a1f40f95808473cf678", size = 12336549, upload-time = "2026-09-14T06:58:08.583Z" },
    { url = "https://files.pythonhosted.org/packages/d3/50/00165b05cd73f45996748ea67ce9e55d08936f2fea94a7fd8541cc2d0e54/grpcio-1.84.0-cp313-cp313-manylinux2014_aarch64.manylinux_2_17_aarch64.whl", hash = "sha256:fff5ef3fe1bba7d6147e5f19e01e5e122ac2c076486887ddcb8d42e663400fbe", size = 6989458, upload-time = "2026-09-14T06:58:11.884Z" },
    { url = "https://files.pythonhosted.org/packages/26/38/d0486230e684d916f97429a53041db88410e662a38f2a8d09e2d90375840/grpcio-1.84.0-cp313-cp313-manylinux2014_i686.manylinux_2_17_i686.whl", hash = "sha256:b8c62888c3e49debf37ad9773e3c02f77b0c1e811f8fb0962f2b6c3bbab5b97a", size = 7757778, upload-time = "2026-09-14T06:58:14.849Z" },
    { url = "https://files.pythonhosted.org/packages/da/56/548a643decb059ca244499c675ae2c13a15f523ba94592c2774bd80a13c1/grpcio-1.84.0-cp313-cp313-manylinux2014_x86_64.manylinux_2_17_x86_64.whl", hash = "sha256:986e9751d416d7a6eaa2fecdac38da63153d63a4b340ba7d624889c490451500", size = 7159572, upload-time = "2026-09-14T06:58:17.87Z" },
    { url = "https://files.pythonhosted.org/packages/db/f5/42caac81a79ec680f1f7a8eaf7ca90d2f93936ce0c3a073141ba96757f77/grpcio-1.84.0-cp313-cp313-musllinux_1_2_aarch64.whl", hash = "sha256:5933a052946873d01a42119a05420d669bdca436aeba2d1851988ccb12b421c0", size = 7710547, upload-time = "2026-09-14T06:58:20.607Z" },
    { url = "https://files.pythonhosted.org/packages/57/a4/828ad990b2410fee0a55cc73aa1bf98eb5b911c54847374ef4f24b9e877b/grpcio-1.84.0-cp313-cp313-musllinux_1_2_i686.whl", hash = "sha256:e094dd21f077af8194923fc263cad872eaa1802bb0156fd7e5ae18e99cd86715", size = 8761519, upload-time = "2026-09-14T06:58:23.875Z" },
    { url = "https://files.pythonhosted.org/packages/d5/a5/1f91af098919eaf5d80d5a61126ad9fae074e5190c25a3014ce1d8d0d890/grpcio-1.84.0-cp313-cp313-musllinux_1_2_x86_64.whl", hash = "sha256:08735e3d08d24ab3132cf87e2e5dea8746cabcc7d676c2b0b7362f195feef9d9", size = 8121424, upload-time = "2026-09-14T06:58:27.006Z" },
    { url = "https://files.pythonhosted.org/packages/8c/8f/77fd4a7a913b636785479922349c4cb98d94d05d15652e556b3ca0df6663/grpcio-1.84.0-cp313-cp313-win32.whl", hash = "sha256:70bb4ce8be0c5606bec259cbd7152374470396413b7863a658a08c849e6b29ff", size = 4477974, upload-time = "2026-09-14T06:58:29.528Z" },
    { url = "https://files.pythonhosted.org/packages/d0/9a/1fa59ddbfc8898e5518d1447e46f771f387f0ed6132ad531395338e51a5c/grpcio-1.84.0-cp313-cp313-win_amd64.whl", hash = "sha256:b61692f0069b3eee2fc8a3a1b7f6c044df9e03fede6ce69b3ca832e1c39f26c5", size = 5255326, upload-time = "2026-09-14T06:58:31.781Z" },
    { url = "https://files.pythonhosted.org/packages/26/6f/e25ca89ca5b0b7b95464c907a5c21a77c0ac8c4ee1dca164c4dd8f153ddb/grpcio-1.84.0-cp314-cp314-linux_armv7l.whl", hash = "sha256:026d757df86c5b7a41de8200b9a2cda454aaa5004cb0c7e3374c66eb82f61499", size = 6428207, upload-time = "2026-09-14T06:58:34.401Z" },
    { url = "https://files.pythonhosted.org/packages/cd/b4/6b76b429f3f9b901cdbc306c81364d708bc957f847a05cbd1046cd2d05d8/grpcio-1.84.0-cp314-cp314-macosx_11_0_universal2.whl", hash = "sha256:3de427b05f244ba2c2a9bdc67e7a6731c8340811524ecc4435466549f8af1d17", size = 12342420, upload-time = "2026-09-14T06:58:37.416Z" },
    { url = "https://files.pythonhosted.org/packages/af/64/ac86d638ba7f73bee0dccb608ba551d4f63adf75151f00d2c43e46d3979e/grpcio-1.84.0-cp314-cp314-manylinux2014_aarch64.manylinux_2_17_aarch64.whl", hash = "sha256:e90e3bdf7b5eac005fef631adae9cafde16f922def207b80a7c46b253c18ad20", size = 6998396, upload-time = "2026-09-14T06:58:40.535Z" },
    { url = "https://files.pythonhosted.org/packages/4a/65/fa12e9ec9d7ebf8cc3e81428fa9e1ca0d30d22d546ce2baa4c64bc917cbc/grpcio-1.84.0-cp314-cp314-manylinux2014_i686.manylinux_2_17_i686.whl", hash = "sha256:e88d304f094f4937bc27ec6a435e218a084168f11ec630c8d5d39b431d08d81d", size = 7757538, upload-time = "2026-09-14T06:58:43.297Z" },
    { url = "https://files.pythonhosted.org/packages/21/d7/94240c7fae121ff1f116dcf04a3b7ee0216a06832c704310363f72638d4c/grpcio-1.84.0-cp314-cp314-manylinux2014_x86_64.manylinux_2_17_x86_64.whl", hash = "sha256:57dc36a5ab0e676f5f6e171de2917fd0aef73f32a9aaf23956bfe19997a30bd1", size = 7161480, upload-time = "2026-09-14T06:58:45.939Z" },
    { url = "https://files.pythonhosted.org/packages/23/c9/7033e95d4b344969818b09185721c7608b47fc2498d97b5e4eec4995dbf3/grpcio-1.84.0-cp314-cp314-musllinux_1_2_aarch64.whl", hash = "sha256:5deda5b4bf62769eb98c119cca43d40e1231e34846b19db5cdea821d446a2253", size = 7720191, upload-time = "2026-09-14T06:58:48.308Z" },
    { url = "https://files.pythonhosted.org/packages/95/22/b45df2deba81d55069076859480bae7109c9eec02bce5515c799530cc2aa/grpcio-1.84.0-cp314-cp314-musllinux_1_2_i686.whl", hash = "sha256:9bab4cf571653a8afffb83ce21aa27b51dfe629b526b7b6adec35491fe1fc2ea", size = 8762792, upload-time = "2026-09-14T06:58:51.068Z" },
    { url = "https://files.pythonhosted.org/packages/de/c4/3e1c3d6155c16b8737cc31d5b477d6cf1fc7cdd10d58320cf0ec9b446f42/grpcio-1.84.0-cp314-cp314-musllinux_1_2_x86_64.whl", hash = "sha256:c5559b492007dc09b4de9b95dab05f0b5e53547aad230cf07e46c7dd017a3be5", size = 8123299, upload-time = "2026-09-14T06:58:54.332Z" },
    { url = "https://files.pythonhosted.org/packages/56/fe/f4864de5b815e5ba18858771f99381a398fac14117f89ef5291ed43d3c4e/grpcio-1.84.0-cp314-cp314-win32.whl", hash = "sha256:2c024da73b296f040b8360e60bd73a659b230093684a438da0e1260f34cc724e", size = 4562560, upload-time = "2026-09-14T06:58:56.894Z" },
    { url = "https://files.pythonhosted.org/packages/44/03/640811d4d8c84f5e603995c5a9bab725223aa472cad9ca4286c3bbf1c3e3/grpcio-1.84.0-cp314-cp314-win_amd64.whl", hash = "sha256:800b7e00d92553313c0463c200087930aa78678ec1d528193aeb50906f55989b", size = 5394092, upload-time = "2026-09-14T06:58:59.61Z" },
    { url = "https://files.pythonhosted.org/packages/4a/1a/9e3d2c9f005f680f03308fa894b1db91d4ab3f0fe65ff630c69561e91e95/grpcio-1.84.0-cp315-cp315-linux_armv7l.whl", hash = "sha256:47ecf0d9b81d981f07b61bd89eced9d2582f5eaacc3aaa36ad27f81aef70a27f", size = 6428252, upload-time = "2026-09-14T06:59:02.597Z" },
    { url = "https://files.pythonhosted.org/packages/77/34/0bc9f52ebf091311651eeab3a452fb557985604a3088cb5406f4d6df85d3/grpcio-1.84.0-cp315-cp315-macosx_10_15_universal2.whl", hash = "sha256:61386101ecaa096b694d0dd278caf99a56aeec78440cc17e918eef0b50f2d567", size = 12359488, upload-time = "2026-09-14T06:59:05.646Z" },
    { url = "https://files.pythonhosted.org/packages/93/0e/c31052712f241cb6ecae9c226fabd519b7f8c64a7a40bac27e9ca0405b78/grpcio-1.84.0-cp315-cp315-manylinux2014_aarch64.manylinux_2_17_aarch64.whl", hash = "sha256:f6d178ba6dc8e82976c184b65fddde172d054c17237993a3e083efe4f134d55b", size = 7019339, upload-time = "2026-09-14T06:59:08.76Z" },
    { url = "https://files.pythonhosted.org/packages/55/b9/b9b33ea4f1eb4cad28833cade604febf357385b5ebb0c9c7562d020e167a/grpcio-1.84.0-cp315-cp315-manylinux2014_i686.manylinux_2_17_i686.whl", hash = "sha256:15bb76489e337fc492685c9758e2fd4d4ab516b901ad830dc5a91987decf00be", size = 7107974, upload-time = "2026-09-14T06:59:11.568Z" },
    { url = "https://files.pythonhosted.org/packages/0e/9e/799d4c45db91bbdcd8c54b3982932dbcf3d059f7ce67dca3e8540faa1ece/grpcio-1.84.0-cp315-cp315-manylinux2014_x86_64.manylinux_2_17_x86_64.whl", hash = "sha256:82da34ae4f639c73ac46e521e00c0a49bf86f717b9fb1f405f133e98731e38dc", size = 7200036, upload-time = "2026-09-14T06:59:14.401Z" },
    { url = "https://files.pythonhosted.org/packages/45/dc/dcfdd13ada41aff9098f0c2c6f260eb7debbc88b84b7e5fcbd085165427d/grpcio-1.84.0-cp315-cp315-musllinux_1_2_aarch64.whl", hash = "sha256:9b73836ba0e16fcbb57c31cf6cbc2907c8d8c790b83679df454b74bd15e0be04", size = 7742281, upload-time = "2026-09-14T06:59:17.348Z" },
    { url = "https://files.pythonhosted.org/packages/55/31/75eab2ec77b80804bc5e21cec99b57598e726fca6484cd3e8920a97639d5/grpcio-1.84.0-cp315-cp315-musllinux_1_2_i686.whl", hash = "sha256:42959bd50dd660ffc3f2a9bec15a6da4f9aaa0dda555d59ff2d2e80b908456a8", size = 8113629, upload-time = "2026-09-14T06:59:20.584Z" },
    { url = "https://files.pythonhosted.org/packages/34/f0/fdcf6bdc1df9ca11679a1187bef8e6b81df31a2baae69497e17344f05ea3/grpcio-1.84.0-cp315-cp315-musllinux_1_2_x86_64.whl", hash = "sha256:659728f20fc7a0933ed7b1945435e31014b97ab8a5a7edcbaa70da4794aeb191", size = 8152972, upload-time = "2026-09-14T06:59:24.523Z" },
    { url = "https://files.pythonhosted.org/packages/5c/cf/6720e720bfa80fcb1ace873f66724eb3c8b03bba2fa078a30c12cab3212e/grpcio-1.84.0-cp315-cp315-win32.whl", hash = "sha256:edb6f87fc60ff438557291501b3e16c7a77c3b01a52d782cf276dccc7c5dd89c", size = 4561981, upload-time = "2026-09-14T06:59:27.275Z" },
    { url = "https://files.pythonhosted.org/packages/7f/b9/69d8a709df225bc2e06e028e9465166b174c24b3da07cc72d9a5ddc63194/grpcio-1.84.0-cp315-cp315-win_amd64.whl", hash = "sha256:4119efa6519871719ad81f33bc95ab87857dcb1c5801f30a6e592f2c41164169", size = 5394757, upload-time = "2026-09-14T06:59:30.118Z" },
]

[[package]]
name = "grpcio-status"
version = "1.84.0"
source = { registry = "https://pypi.org/simple" }
dependencies = [
    { name = "googleapis-common-protos" },
    { name = "grpcio" },
    { name = "protobuf" },
]
sdist = { url = "https://files.pythonhosted.org/packages/52/45/f80309cdb6a7dbf8f65e2082dd2ddc9797ba7180516a73c54d966ba632c4/grpcio_status-1.84.0.tar.gz", hash = "sha256:5caf28ba7184b81f618b5f7f094859fd2541bf429d2189bbbcd715c9c2cdcee2", size = 14015, upload-time = "2026-09-14T07:10:29.402Z" }
wheels = [
    { url = "https://files.pythonhosted.org/packages/71/c4/3a77e4273e866b1b0c412afd80882e95941a37170032b5109d847c501124/grpcio_status-1.84.0-py3-none-any.whl", hash = "sha256:0c182ca0d6e60acbfd0e14499cf39a155e4827a1c3fd9f7638e49af15a74c30a", size = 14639, upload-time = "2026-09-14T07:10:15.175Z" },
]

[[package]]
name = "idna"
version = "3.15"
source = { registry = "https://pypi.org/simple" }
sdist = { url = "https://files.pythonhosted.org/packages/82/77/7b3966d0b9d1d31a36ddf1746926a11dface89a83409bf1483f0237aa758/idna-3.15.tar.gz", hash = "sha256:ca962446ea538f7092a95e057da437618e886f4d349216d2b1e294abfdb65fdc", size = 199245, upload-time = "2026-05-12T22:45:57.011Z" }
wheels = [
    { url = "https://files.pythonhosted.org/packages/d2/23/408243171aa9aaba178d3e2559159c24c1171a641aa83b67bdd3394ead8e/idna-3.15-py3-none-any.whl", hash = "sha256:048adeaf8c2d788c40fee287673ccaa74c24ffd8dcf09ffa555a2fbb59f10ac8", size = 72340, upload-time = "2026-05-12T22:45:55.733Z" },
]

[[package]]
name = "opentelemetry-api"
version = "1.45.1"
source = { registry = "https://pypi.org/simple" }
dependencies = [
    { name = "typing-extensions" },
]
sdist = { url = "https://files.pythonhosted.org/packages/2e/02/6e0ae9cc61bd3169d401077b507b3ebc344745171e1051ab430be012dcd9/opentelemetry_api-1.45.1.tar.gz", hash = "sha256:aa38ed19bcc084ba42782a73255b3582283eced7ad6dddbd6695189e69adfb75", size = 72804, upload-time = "2026-10-06T17:32:58.133Z" }
wheels = [
    { url = "https://files.pythonhosted.org/packages/1e/41/f7dcf80b81ee8e71c1a2b59f14208bc723edbd89ed027a73b175abf6348e/opentelemetry_api-1.45.1-py3-none-any.whl", hash = "sha256:b31553efa588ae44bc306f863c785c5333a9ecc091248c6ee68b4b6c87fdedfb", size = 60256, upload-time = "2026-10-06T17:32:33.506Z" },
]

[[package]]
name = "opentelemetry-sdk"
version = "1.45.1"
source = { registry = "https://pypi.org/simple" }
dependencies = [
    { name = "opentelemetry-api" },
    { name = "opentelemetry-semantic-conventions" },
    { name = "typing-extensions" },
]
sdist = { url = "https://files.pythonhosted.org/packages/a1/79/7392e21a1c8f0c61d90b223e31c7e48cb9d452e91a6b820ad24cca5f23c4/opentelemetry_sdk-1.45.1.tar.gz", hash = "sha256:63d24a6ca645019a631e6a51999c73e93adcac1196ca640b8ae78a7cc4762bf3", size = 218324, upload-time = "2026-10-06T17:33:13.26Z" }
wheels = [
    { url = "https://files.pythonhosted.org/packages/95/3c/87c42b4bd6dd297536f04cd9383d212ac557ecd49f2cbdcd46da1c9ef5c8/opentelemetry_sdk-1.45.1-py3-none-any.whl", hash = "sha256:c604c11dc429810812348989115fa44bd558772a3d7442afc43d024f2c250ca4", size = 140063, upload-time = "2026-10-06T17:32:55.04Z" },
]

[[package]]
name = "opentelemetry-semantic-conventions"
version = "0.66b1"
source = { registry = "https://pypi.org/simple" }
dependencies = [
    { name = "opentelemetry-api" },
    { name = "typing-extensions" },
]
sdist = { url = "https://files.pythonhosted.org/packages/46/e4/dbbfb2a010c4db2224a5114638acede6fe563d33cc20fb1752cebcbe6298/opentelemetry_semantic_conventions-0.66b1.tar.gz", hash = "sha256:497ca63bf383723411e8eaf60c8779e9877633c936bb641080adab59d0eb6ec8", size = 150250, upload-time = "2026-10-06T17:33:14.073Z" }
wheels = [
    { url = "https://files.pythonhosted.org/packages/bc/14/67f8aa798857f8cf686f515bf93d9bb877ce952ddc8efae0fa25b45ce0d6/opentelemetry_semantic_conventions-0.66b1-py3-none-any.whl", hash = "sha256:d4cddeb4315490b35213f55e2bdc9ac54bb1e4d318927475bed62b35545e581b", size = 206279, upload-time = "2026-10-06T17:32:56.103Z" },
]

[[package]]
name = "proto-plus"
version = "1.26.1"
source = { registry = "https://pypi.org/simple" }
dependencies = [
    { name = "protobuf" },
]
sdist = { url = "https://files.pythonhosted.org/packages/f4/ac/87285f15f7cce6d4a008f33f1757fb5a13611ea8914eb58c3d0d26243468/proto_plus-1.26.1.tar.gz", hash = "sha256:21a515a4c4c0088a773899e23c7bbade3d18f9c66c73edd4c7ee3816bc96a012", size = 56142, upload-time = "2025-03-10T15:54:38.843Z" }
wheels = [
    { url = "https://files.pythonhosted.org/packages/4e/6d/280c4c2ce28b1593a19ad5239c8b826871fc6ec275c21afc8e1820108039/proto_plus-1.26.1-py3-none-any.whl", hash = "sha256:13285478c2dcf2abb829db158e1047e2f1e8d63a077d94263c2b88b043c75a66", size = 50163, upload-time = "2025-03-10T15:54:37.335Z" },
]

[[package]]
name = "protobuf"
version = "6.33.6"
source = { registry = "https://pypi.org/simple" }
sdist = { url = "https://files.pythonhosted.org/packages/66/70/e908e9c5e52ef7c3a6c7902c9dfbb34c7e29c25d2f81ade3856445fd5c94/protobuf-6.33.6.tar.gz", hash = "sha256:a6768d25248312c297558af96a9f9c929e8c4cee0659cb07e780731095f38135", size = 444531, upload-time = "2026-03-18T19:05:00.988Z" }
wheels = [
    { url = "https://files.pythonhosted.org/packages/fc/9f/2f509339e89cfa6f6a4c4ff50438db9ca488dec341f7e454adad60150b00/protobuf-6.33.6-cp310-abi3-win32.whl", hash = "sha256:7d29d9b65f8afef196f8334e80d6bc1d5d4adedb449971fefd3723824e6e77d3", size = 425739, upload-time = "2026-03-18T19:04:48.373Z" },
    { url = "https://files.pythonhosted.org/packages/76/5d/683efcd4798e0030c1bab27374fd13a89f7c2515fb1f3123efdfaa5eab57/protobuf-6.33.6-cp310-abi3-win_amd64.whl", hash = "sha256:0cd27b587afca21b7cfa59a74dcbd48a50f0a6400cfb59391340ad729d91d326", size = 437089, upload-time = "2026-03-18T19:04:50.381Z" },
    { url = "https://files.pythonhosted.org/packages/5c/01/a3c3ed5cd186f39e7880f8303cc51385a198a81469d53d0fdecf1f64d929/protobuf-6.33.6-cp39-abi3-macosx_10_9_universal2.whl", hash = "sha256:9720e6961b251bde64edfdab7d500725a2af5280f3f4c87e57c0208376aa8c3a", size = 427737, upload-time = "2026-03-18T19:04:51.866Z" },
    { url = "https://files.pythonhosted.org/packages/ee/90/b3c01fdec7d2f627b3a6884243ba328c1217ed2d978def5c12dc50d328a3/protobuf-6.33.6-cp39-abi3-manylinux2014_aarch64.whl", hash = "sha256:e2afbae9b8e1825e3529f88d514754e094278bb95eadc0e199751cdd9a2e82a2", size = 324610, upload-time = "2026-03-18T19:04:53.096Z" },
    { url = "https://files.pythonhosted.org/packages/9b/ca/25afc144934014700c52e05103c2421997482d561f3101ff352e1292fb81/protobuf-6.33.6-cp39-abi3-manylinux2014_s390x.whl", hash = "sha256:c96c37eec15086b79762ed265d59ab204dabc53056e3443e702d2681f4b39ce3", size = 339381, upload-time = "2026-03-18T19:04:54.616Z" },
    { url = "https://files.pythonhosted.org/packages/16/92/d1e32e3e0d894fe00b15ce28ad4944ab692713f2e7f0a99787405e43533a/protobuf-6.33.6-cp39-abi3-manylinux2014_x86_64.whl", hash = "sha256:e9db7e292e0ab79dd108d7f1a94fe31601ce1ee3f7b79e0692043423020b0593", size = 323436, upload-time = "2026-03-18T19:04:55.768Z" },
    { url = "https://files.pythonhosted.org/packages/c4/72/02445137af02769918a93807b2b7890047c32bfb9f90371cbc12688819eb/protobuf-6.33.6-py3-none-any.whl", hash = "sha256:77179e006c476e69bf8e8ce866640091ec42e1beb80b213c3900006ecfba6901", size = 170656, upload-time = "2026-03-18T19:04:59.826Z" },
]

[[package]]
name = "pyasn1"
version = "0.6.4"
source = { registry = "https://pypi.org/simple" }
sdist = { url = "https://files.pythonhosted.org/packages/a4/9a/23310166d960def5897e91fe20e5b724601b02a22e84ba1f94232c0b7f67/pyasn1-0.6.4.tar.gz", hash = "sha256:9c447d8431c947fe4c8febc4ed9e760bc29011a5b01e5c74b67025bd9fb8ce81", size = 151262, upload-time = "2026-07-09T01:12:33.988Z" }
wheels = [
    { url = "https://files.pythonhosted.org/packages/9a/3b/6163796d69c3977d1e4287bea4a6979161cbbdd170ebb430511e8e1999ce/pyasn1-0.6.4-py3-none-any.whl", hash = "sha256:deda9277cfd454080ec40b207fb6df82206a3a2688735233cdcd8d3d565f088b", size = 84410, upload-time = "2026-07-09T01:12:32.92Z" },
]

[[package]]
name = "pyasn1-modules"
version = "0.4.2"
source = { registry = "https://pypi.org/simple" }
dependencies = [
    { name = "pyasn1" },
]
sdist = { url = "https://files.pythonhosted.org/packages/e9/e6/78ebbb10a8c8e4b61a59249394a4a594c1a7af95593dc933a349c8d00964/pyasn1_modules-0.4.2.tar.gz", hash = "sha256:677091de870a80aae844b1ca6134f54652fa2c8c5a52aa396440ac3106e941e6", size = 307892, upload-time = "2025-03-28T02:41:22.17Z" }
wheels = [
    { url = "https://files.pythonhosted.org/packages/47/8d/d529b5d697919ba8c11ad626e835d4039be708a35b0d22de83a269a6682c/pyasn1_modules-0.4.2-py3-none-any.whl", hash = "sha256:29253a9207ce32b64c3ac6600edc75368f98473906e8fd1043bd6b5b1de2c14a", size = 181259, upload-time = "2025-03-28T02:41:19.028Z" },
]

[[package]]
name = "requests"
version = "2.33.0"
source = { registry = "https://pypi.org/simple" }
dependencies = [
    { name = "certifi" },
    { name = "charset-normalizer" },
    { name = "idna" },
    { name = "urllib3" },
]
sdist = { url = "https://files.pythonhosted.org/packages/34/64/8860370b167a9721e8956ae116825caff829224fbca0ca6e7bf8ddef8430/requests-2.33.0.tar.gz", hash = "sha256:c7ebc5e8b0f21837386ad0e1c8fe8b829fa5f544d8df3b2253bff14ef29d7652", size = 134232, upload-time = "2026-03-25T15:10:41.586Z" }
wheels = [
    { url = "https://files.pythonhosted.org/packages/56/5d/c814546c2333ceea4ba42262d8c4d55763003e767fa169adc693bd524478/requests-2.33.0-py3-none-any.whl", hash = "sha256:3324635456fa185245e24865e810cecec7b4caf933d7eb133dcde67d48cee69b", size = 65017, upload-time = "2026-03-25T15:10:40.382Z" },
]

[[package]]
name = "rsa"
version = "4.9"
source = { registry = "https://pypi.org/simple" }
dependencies = [
    { name = "pyasn1" },
]
sdist = { url = "https://files.pythonhosted.org/packages/aa/65/7d973b89c4d2351d7fb232c2e452547ddfa243e93131e7cfa766da627b52/rsa-4.9.tar.gz", hash = "sha256:e38464a49c6c85d7f1351b0126661487a7e0a14a50f1675ec50eb34d4f20ef21", size = 29711, upload-time = "2022-07-20T10:28:36.115Z" }
wheels = [
    { url = "https://files.pythonhosted.org/packages/49/97/fa78e3d2f65c02c8e1268b9aba606569fe97f6c8f7c2d74394553347c145/rsa-4.9-py3-none-any.whl", hash = "sha256:90260d9058e514786967344d0ef75fa8727eed8a7d2e43ce9f4bcf1b536174f7", size = 34315, upload-time = "2022-07-20T10:28:34.978Z" },
]

[[package]]
name = "ruff"
version = "0.11.5"
source = { registry = "https://pypi.org/simple" }
sdist = { url = "https://files.pythonhosted.org/packages/45/71/5759b2a6b2279bb77fe15b1435b89473631c2cd6374d45ccdb6b785810be/ruff-0.11.5.tar.gz", hash = "sha256:cae2e2439cb88853e421901ec040a758960b576126dab520fa08e9de431d1bef", size = 3976488, upload-time = "2025-04-10T17:13:29.369Z" }
wheels = [
    { url = "https://files.pythonhosted.org/packages/23/db/6efda6381778eec7f35875b5cbefd194904832a1153d68d36d6b269d81a8/ruff-0.11.5-py3-none-linux_armv6l.whl", hash = "sha256:2561294e108eb648e50f210671cc56aee590fb6167b594144401532138c66c7b", size = 10103150, upload-time = "2025-04-10T17:12:37.886Z" },
    { url = "https://files.pythonhosted.org/packages/44/f2/06cd9006077a8db61956768bc200a8e52515bf33a8f9b671ee527bb10d77/ruff-0.11.5-py3-none-macosx_10_12_x86_64.whl", hash = "sha256:ac12884b9e005c12d0bd121f56ccf8033e1614f736f766c118ad60780882a077", size = 10898637, upload-time = "2025-04-10T17:12:41.602Z" },
    { url = "https://files.pythonhosted.org/packages/18/f5/af390a013c56022fe6f72b95c86eb7b2585c89cc25d63882d3bfe411ecf1/ruff-0.11.5-py3-none-macosx_11_0_arm64.whl", hash = "sha256:4bfd80a6ec559a5eeb96c33f832418bf0fb96752de0539905cf7b0cc1d31d779", size = 10236012, upload-time = "2025-04-10T17:12:44.584Z" },
    { url = "https://files.pythonhosted.org/packages/b8/ca/b9bf954cfed165e1a0c24b86305d5c8ea75def256707f2448439ac5e0d8b/ruff-0.11.5-py3-none-manylinux_2_17_aarch64.manylinux2014_aarch64.whl", hash = "sha256:0947c0a1afa75dcb5db4b34b070ec2bccee869d40e6cc8ab25aca11a7d527794", size = 10415338, upload-time = "2025-04-10T17:12:47.172Z" },
    { url = "https://files.pythonhosted.org/packages/d9/4d/2522dde4e790f1b59885283f8786ab0046958dfd39959c81acc75d347467/ruff-0.11.5-py3-none-manylinux_2_17_armv7l.manylinux2014_armv7l.whl", hash = "sha256:ad871ff74b5ec9caa66cb725b85d4ef89b53f8170f47c3406e32ef040400b038", size = 9965277, upload-time = "2025-04-10T17:12:50.628Z" },
    { url = "https://files.pythonhosted.org/packages/e5/7a/749f56f150eef71ce2f626a2f6988446c620af2f9ba2a7804295ca450397/ruff-0.11.5-py3-none-manylinux_2_17_i686.manylinux2014_i686.whl", hash = "sha256:e6cf918390cfe46d240732d4d72fa6e18e528ca1f60e318a10835cf2fa3dc19f", size = 11541614, upload-time = "2025-04-10T17:12:53.783Z" },
    { url = "https://files.pythonhosted.org/packages/89/b2/7d9b8435222485b6aac627d9c29793ba89be40b5de11584ca604b829e960/ruff-0.11.5-py3-none-manylinux_2_17_ppc64.manylinux2014_ppc64.whl", hash = "sha256:56145ee1478582f61c08f21076dc59153310d606ad663acc00ea3ab5b2125f82", size = 12198873, upload-time = "2025-04-10T17:12:56.956Z" },
    { url = "https://files.pythonhosted.org/packages/00/e0/a1a69ef5ffb5c5f9c31554b27e030a9c468fc6f57055886d27d316dfbabd/ruff-0.11.5-py3-none-manylinux_2_17_ppc64le.manylinux2014_ppc64le.whl", hash = "sha256:e5f66f8f1e8c9fc594cbd66fbc5f246a8d91f916cb9667e80208663ec3728304", size = 11670190, upload-time = "2025-04-10T17:13:00.194Z" },
    { url = "https://files.pythonhosted.org/packages/05/61/c1c16df6e92975072c07f8b20dad35cd858e8462b8865bc856fe5d6ccb63/ruff-0.11.5-py3-none-manylinux_2_17_s390x.manylinux2014_s390x.whl", hash = "sha256:80b4df4d335a80315ab9afc81ed1cff62be112bd165e162b5eed8ac55bfc8470", size = 13902301, upload-time = "2025-04-10T17:13:03.246Z" },
    { url = "https://files.pythonhosted.org/packages/79/89/0af10c8af4363304fd8cb833bd407a2850c760b71edf742c18d5a87bb3ad/ruff-0.11.5-py3-none-manylinux_2_17_x86_64.manylinux2014_x86_64.whl", hash = "sha256:3068befab73620b8a0cc2431bd46b3cd619bc17d6f7695a3e1bb166b652c382a", size = 11350132, upload-time = "2025-04-10T17:13:06.209Z" },
    { url = "https://files.pythonhosted.org/packages/b9/e1/ecb4c687cbf15164dd00e38cf62cbab238cad05dd8b6b0fc68b0c2785e15/ruff-0.11.5-py3-none-musllinux_1_2_aarch64.whl", hash = "sha256:f5da2e710a9641828e09aa98b92c9ebbc60518fdf3921241326ca3e8f8e55b8b", size = 10312937, upload-time = "2025-04-10T17:13:08.855Z" },
    { url = "https://files.pythonhosted.org/packages/cf/4f/0e53fe5e500b65934500949361e3cd290c5ba60f0324ed59d15f46479c06/ruff-0.11.5-py3-none-musllinux_1_2_armv7l.whl", hash = "sha256:ef39f19cb8ec98cbc762344921e216f3857a06c47412030374fffd413fb8fd3a", size = 9936683, upload-time = "2025-04-10T17:13:11.378Z" },
    { url = "https://files.pythonhosted.org/packages/04/a8/8183c4da6d35794ae7f76f96261ef5960853cd3f899c2671961f97a27d8e/ruff-0.11.5-py3-none-musllinux_1_2_i686.whl", hash = "sha256:b2a7cedf47244f431fd11aa5a7e2806dda2e0c365873bda7834e8f7d785ae159", size = 10950217, upload-time = "2025-04-10T17:13:14.565Z" },
    { url = "https://files.pythonhosted.org/packages/26/88/9b85a5a8af21e46a0639b107fcf9bfc31da4f1d263f2fc7fbe7199b47f0a/ruff-0.11.5-py3-none-musllinux_1_2_x86_64.whl", hash = "sha256:81be52e7519f3d1a0beadcf8e974715b2dfc808ae8ec729ecfc79bddf8dbb783", size = 11404521, upload-time = "2025-04-10T17:13:17.8Z" },
    { url = "https://files.pythonhosted.org/packages/fc/52/047f35d3b20fd1ae9ccfe28791ef0f3ca0ef0b3e6c1a58badd97d450131b/ruff-0.11.5-py3-none-win32.whl", hash = "sha256:e268da7b40f56e3eca571508a7e567e794f9bfcc0f412c4b607931d3af9c4afe", size = 10320697, upload-time = "2025-04-10T17:13:20.582Z" },
    { url = "https://files.pythonhosted.org/packages/b9/fe/00c78010e3332a6e92762424cf4c1919065707e962232797d0b57fd8267e/ruff-0.11.5-py3-none-win_amd64.whl", hash = "sha256:6c6dc38af3cfe2863213ea25b6dc616d679205732dc0fb673356c2d69608f800", size = 11378665, upload-time = "2025-04-10T17:13:23.349Z" },
    { url = "https://files.pythonhosted.org/packages/43/7c/c83fe5cbb70ff017612ff36654edfebec4b1ef79b558b8e5fd933bab836b/ruff-0.11.5-py3-none-win_arm64.whl", hash = "sha256:67e241b4314f4eacf14a601d586026a962f4002a475aa702c69980a38087aa4e", size = 10460287, upload-time = "2025-04-10T17:13:26.538Z" },
]

[[package]]
name = "typing-extensions"
version = "4.13.1"
source = { registry = "https://pypi.org/simple" }
sdist = { url = "https://files.pythonhosted.org/packages/76/ad/cd3e3465232ec2416ae9b983f27b9e94dc8171d56ac99b345319a9475967/typing_extensions-4.13.1.tar.gz", hash = "sha256:98795af00fb9640edec5b8e31fc647597b4691f099ad75f469a2616be1a76dff", size = 106633, upload-time = "2025-04-03T16:11:20.955Z" }
wheels = [
    { url = "https://files.pythonhosted.org/packages/df/c5/e7a0b0f5ed69f94c8ab7379c599e6036886bffcde609969a5325f47f1332/typing_extensions-4.13.1-py3-none-any.whl", hash = "sha256:4b6cf02909eb5495cfbc3f6e8fd49217e6cc7944e145cdda8caa3734777f9e69", size = 45739, upload-time = "2025-04-03T16:11:19.281Z" },
]

[[package]]
name = "urllib3"
version = "2.7.0"
source = { registry = "https://pypi.org/simple" }
sdist = { url = "https://files.pythonhosted.org/packages/53/0c/06f8b233b8fd13b9e5ee11424ef85419ba0d8ba0b3138bf360be2ff56953/urllib3-2.7.0.tar.gz", hash = "sha256:231e0ec3b63ceb14667c67be60f2f2c40a518cb38b03af60abc813da26505f4c", size = 433602, upload-time = "2026-05-07T16:13:18.596Z" }
wheels = [
    { url = "https://files.pythonhosted.org/packages/7f/3e/5db95bcf282c52709639744ca2a8b149baccf648e39c8cc87553df9eae0c/urllib3-2.7.0-py3-none-any.whl", hash = "sha256:9fb4c81ebbb1ce9531cce37674bbc6f1360472bc18ca9a553ede278ef7276897", size = 131087, upload-time = "2026-05-07T16:13:17.151Z" },
]
